
Microsoft Visual Studio Solution File, Format Version 12.00
# Visual Studio Version 17
VisualStudioVersion = 17.3.32929.385
MinimumVisualStudioVersion = 10.0.40219.1
Project("{FAE04EC0-301F-11D3-BF4B-00C04F79EFBC}") = "ERPModels", "ERPModels.csproj", "{C004ECBD-7A40-46FF-8584-94EFF9954A62}"
EndProject
Global
	GlobalSection(SolutionConfigurationPlatforms) = preSolution
		Debug|Any CPU = Debug|Any CPU
		Release|Any CPU = Release|Any CPU
	EndGlobalSection
	GlobalSection(ProjectConfigurationPlatforms) = postSolution
		{C004ECBD-7A40-46FF-8584-94EFF9954A62}.Debug|Any CPU.ActiveCfg = Debug|Any CPU
		{C004ECBD-7A40-46FF-8584-94EFF9954A62}.Debug|Any CPU.Build.0 = Debug|Any CPU
		{C004ECBD-7A40-46FF-8584-94EFF9954A62}.Release|Any CPU.ActiveCfg = Release|Any CPU
		{C004ECBD-7A40-46FF-8584-94EFF9954A62}.Release|Any CPU.Build.0 = Release|Any CPU
	EndGlobalSection
	GlobalSection(SolutionProperties) = preSolution
		HideSolutionNode = FALSE
	EndGlobalSection
	GlobalSection(ExtensibilityGlobals) = postSolution
		SolutionGuid = {56AC059A-E8B9-4020-9216-50E060CC8D9A}
	EndGlobalSection
EndGlobal
